
Microsoft Visual Studio Solution File, Format Version 12.00
# Visual Studio Version 17
VisualStudioVersion = 17.12.35527.113
MinimumVisualStudioVersion = 10.0.40219.1
Project("{FAE04EC0-301F-11D3-BF4B-00C04F79EFBC}") = "Server", "CodeCRAFT\Server.csproj", "{4F10FA81-9C8D-448F-9032-3E34DF031BF5}"
EndProject
Project("{FAE04EC0-301F-11D3-BF4B-00C04F79EFBC}") = "Network", "Network\Network.csproj", "{4CB4BBFC-5F26-47B9-841D-137480570E32}"
EndProject
Global
	GlobalSection(SolutionConfigurationPlatforms) = preSolution
		Debug|Any CPU = Debug|Any CPU
		Release|Any CPU = Release|Any CPU
	EndGlobalSection
	GlobalSection(ProjectConfigurationPlatforms) = postSolution
		{4F10FA81-9C8D-448F-9032-3E34DF031BF5}.Debug|Any CPU.ActiveCfg = Debug|Any CPU
		{4F10FA81-9C8D-448F-9032-3E34DF031BF5}.Debug|Any CPU.Build.0 = Debug|Any CPU
		{4F10FA81-9C8D-448F-9032-3E34DF031BF5}.Release|Any CPU.ActiveCfg = Release|Any CPU
		{4F10FA81-9C8D-448F-9032-3E34DF031BF5}.Release|Any CPU.Build.0 = Release|Any CPU
		{4CB4BBFC-5F26-47B9-841D-137480570E32}.Debug|Any CPU.ActiveCfg = Debug|Any CPU
		{4CB4BBFC-5F26-47B9-841D-137480570E32}.Debug|Any CPU.Build.0 = Debug|Any CPU
		{4CB4BBFC-5F26-47B9-841D-137480570E32}.Release|Any CPU.ActiveCfg = Release|Any CPU
		{4CB4BBFC-5F26-47B9-841D-137480570E32}.Release|Any CPU.Build.0 = Release|Any CPU
	EndGlobalSection
	GlobalSection(SolutionProperties) = preSolution
		HideSolutionNode = FALSE
	EndGlobalSection
EndGlobal
